
Microsoft Visual Studio Solution File, Format Version 12.00
# Visual Studio 15
VisualStudioVersion = 15.0.27130.2036
MinimumVisualStudioVersion = 10.0.40219.1
Project("{FAE04EC0-301F-11D3-BF4B-00C04F79EFBC}") = "project1", "project1\project1.csproj", "{5108DFDD-4EFE-4404-940A-BA499878FF1C}"
EndProject
Project("{FAE04EC0-301F-11D3-BF4B-00C04F79EFBC}") = "Project2", "Project2\Project2.csproj", "{3047979E-6C41-46CD-B595-86D7BE9DBA43}"
EndProject
Project("{FAE04EC0-301F-11D3-BF4B-00C04F79EFBC}") = "tree", "tree\tree.csproj", "{15C9912F-8646-4386-9FED-E416C25EF179}"
EndProject
Global
	GlobalSection(SolutionConfigurationPlatforms) = preSolution
		Debug|Any CPU = Debug|Any CPU
		Release|Any CPU = Release|Any CPU
	EndGlobalSection
	GlobalSection(ProjectConfigurationPlatforms) = postSolution
		{5108DFDD-4EFE-4404-940A-BA499878FF1C}.Debug|Any CPU.ActiveCfg = Debug|Any CPU
		{5108DFDD-4EFE-4404-940A-BA499878FF1C}.Debug|Any CPU.Build.0 = Debug|Any CPU
		{5108DFDD-4EFE-4404-940A-BA499878FF1C}.Release|Any CPU.ActiveCfg = Release|Any CPU
		{5108DFDD-4EFE-4404-940A-BA499878FF1C}.Release|Any CPU.Build.0 = Release|Any CPU
		{3047979E-6C41-46CD-B595-86D7BE9DBA43}.Debug|Any CPU.ActiveCfg = Debug|Any CPU
		{3047979E-6C41-46CD-B595-86D7BE9DBA43}.Debug|Any CPU.Build.0 = Debug|Any CPU
		{3047979E-6C41-46CD-B595-86D7BE9DBA43}.Release|Any CPU.ActiveCfg = Release|Any CPU
		{3047979E-6C41-46CD-B595-86D7BE9DBA43}.Release|Any CPU.Build.0 = Release|Any CPU
		{15C9912F-8646-4386-9FED-E416C25EF179}.Debug|Any CPU.ActiveCfg = Debug|Any CPU
		{15C9912F-8646-4386-9FED-E416C25EF179}.Debug|Any CPU.Build.0 = Debug|Any CPU
		{15C9912F-8646-4386-9FED-E416C25EF179}.Release|Any CPU.ActiveCfg = Release|Any CPU
		{15C9912F-8646-4386-9FED-E416C25EF179}.Release|Any CPU.Build.0 = Release|Any CPU
	EndGlobalSection
	GlobalSection(SolutionProperties) = preSolution
		HideSolutionNode = FALSE
	EndGlobalSection
	GlobalSection(ExtensibilityGlobals) = postSolution
		SolutionGuid = {8884D442-F813-4BD5-B0BC-5DA2DFC3A03B}
	EndGlobalSection
EndGlobal
