
Microsoft Visual Studio Solution File, Format Version 12.00
# Visual Studio 15
VisualStudioVersion = 15.0.27130.2036
MinimumVisualStudioVersion = 10.0.40219.1
Project("{FAE04EC0-301F-11D3-BF4B-00C04F79EFBC}") = "program1", "program1\program1.csproj", "{EE8BA609-8472-4C17-91FF-61C1214EF148}"
EndProject
Project("{FAE04EC0-301F-11D3-BF4B-00C04F79EFBC}") = "program2", "program2\program2.csproj", "{137B0BAD-3697-46F4-BF8D-49C4149E24F8}"
EndProject
Project("{FAE04EC0-301F-11D3-BF4B-00C04F79EFBC}") = "program3", "program3\program3.csproj", "{8F4D2441-3041-4F56-811C-BA9CE17C8FBA}"
EndProject
Global
	GlobalSection(SolutionConfigurationPlatforms) = preSolution
		Debug|Any CPU = Debug|Any CPU
		Release|Any CPU = Release|Any CPU
	EndGlobalSection
	GlobalSection(ProjectConfigurationPlatforms) = postSolution
		{EE8BA609-8472-4C17-91FF-61C1214EF148}.Debug|Any CPU.ActiveCfg = Debug|Any CPU
		{EE8BA609-8472-4C17-91FF-61C1214EF148}.Debug|Any CPU.Build.0 = Debug|Any CPU
		{EE8BA609-8472-4C17-91FF-61C1214EF148}.Release|Any CPU.ActiveCfg = Release|Any CPU
		{EE8BA609-8472-4C17-91FF-61C1214EF148}.Release|Any CPU.Build.0 = Release|Any CPU
		{137B0BAD-3697-46F4-BF8D-49C4149E24F8}.Debug|Any CPU.ActiveCfg = Debug|Any CPU
		{137B0BAD-3697-46F4-BF8D-49C4149E24F8}.Debug|Any CPU.Build.0 = Debug|Any CPU
		{137B0BAD-3697-46F4-BF8D-49C4149E24F8}.Release|Any CPU.ActiveCfg = Release|Any CPU
		{137B0BAD-3697-46F4-BF8D-49C4149E24F8}.Release|Any CPU.Build.0 = Release|Any CPU
		{8F4D2441-3041-4F56-811C-BA9CE17C8FBA}.Debug|Any CPU.ActiveCfg = Debug|Any CPU
		{8F4D2441-3041-4F56-811C-BA9CE17C8FBA}.Debug|Any CPU.Build.0 = Debug|Any CPU
		{8F4D2441-3041-4F56-811C-BA9CE17C8FBA}.Release|Any CPU.ActiveCfg = Release|Any CPU
		{8F4D2441-3041-4F56-811C-BA9CE17C8FBA}.Release|Any CPU.Build.0 = Release|Any CPU
	EndGlobalSection
	GlobalSection(SolutionProperties) = preSolution
		HideSolutionNode = FALSE
	EndGlobalSection
	GlobalSection(ExtensibilityGlobals) = postSolution
		SolutionGuid = {EEB0BCEF-D908-4890-82DE-EB99EA1BFB08}
	EndGlobalSection
EndGlobal
